# generated by rye
# use `rye lock` or `rye sync` to update this lockfile
#
# last locked with the following flags:
#   pre: false
#   features: []
#   all-features: false
#   with-sources: false
#   generate-hashes: false

-e file:.
cfgv==3.4.0
    # via pre-commit
distlib==0.3.8
    # via virtualenv
filelock==3.14.0
    # via virtualenv
identify==2.5.36
    # via pre-commit
iniconfig==2.0.0
    # via pytest
nodeenv==1.9.0
    # via pre-commit
packaging==24.0
    # via pytest
platformdirs==4.2.2
    # via virtualenv
pluggy==1.5.0
    # via pytest
pre-commit==3.7.1
pytest==8.2.1
pyyaml==6.0.1
    # via pre-commit
ruff==0.4.7
virtualenv==20.26.2
    # via pre-commit
